<Solution>
  <Project Path="KeycloakWebApp.Api/KeycloakWebApp.WebApi.csproj" />
  <Project Path="KeycloakWebApp.Application/KeycloakWebApp.Application.csproj" />
  <Project Path="KeycloakWebApp.Core/KeycloakWebApp.Core.csproj" />
  <Project Path="KeycloakWebApp.Infrastructure/KeycloakWebApp.Infrastructure.csproj" />
</Solution>
